<?xml version="1.0" encoding="UTF-8"?>
<Scheme
   LastUpgradeVersion = "1130"
   version = "1.7">
   <BuildAction
      parallelizeBuildables = "YES"
      buildImplicitDependencies = "YES">
      <BuildActionEntries>
         <BuildActionEntry
            buildForTesting = "YES"
            buildForRunning = "YES"
            buildForProfiling = "YES"
            buildForArchiving = "YES"
            buildForAnalyzing = "YES">
            <BuildableReference
               BuildableIdentifier = "primary"
               BlueprintIdentifier = "13B07F861A680F5B00A75B9A"
               BuildableName = "example.app"
               BlueprintName = "example"
               ReferencedContainer = "container:example.xcodeproj">
            </BuildableReference>
         </BuildActionEntry>
      </BuildActionEntries>
   </BuildAction>
   <TestAction
      buildConfiguration = "Debug"
      selectedDebuggerIdentifier = "Xcode.DebuggerFoundation.Debugger.LLDB"
      selectedLauncherIdentifier = "Xcode.DebuggerFoundation.Launcher.LLDB"
      shouldUseLaunchSchemeArgsEnv = "YES">
      <Testables>
         <TestableReference
            skipped = "NO">
            <BuildableReference
               BuildableIdentifier = "primary"
               BlueprintIdentifier = "00E356ED1AD99517003FC87E"
               BuildableName = "exampleTests.xctest"
               BlueprintName = "exampleTests"
               ReferencedContainer = "container:example.xcodeproj">
            </BuildableReference>
         </TestableReference>
      </Testables>
   </TestAction>
   <LaunchAction
      buildConfiguration = "Debug"
      selectedDebuggerIdentifier = "Xcode.DebuggerFoundation.Debugger.LLDB"
      selectedLauncherIdentifier = "Xcode.DebuggerFoundation.Launcher.LLDB"
      launchStyle = "0"
      useCustomWorkingDirectory = "NO"
      ignoresPersistentStateOnLaunch = "NO"
      debugDocumentVersioning = "YES"
      debugServiceExtension = "internal"
      allowLocationSimulation = "YES">
      <BuildableProductRunnable
         runnableDebuggingMode = "0">
         <BuildableReference
            BuildableIdentifier = "primary"
            BlueprintIdentifier = "13B07F861A680F5B00A75B9A"
            BuildableName = "example.app"
            BlueprintName = "example"
            ReferencedContainer = "container:example.xcodeproj">
         </BuildableReference>
      </BuildableProductRunnable>
   </LaunchAction>
   <ProfileAction
      buildConfiguration = "Release"
      shouldUseLaunchSchemeArgsEnv = "YES"
      savedToolIdentifier = ""
      useCustomWorkingDirectory = "NO"
      debugDocumentVersioning = "YES">
      <BuildableProductRunnable
         runnableDebuggingMode = "0">
         <BuildableReference
            BuildableIdentifier = "primary"
            BlueprintIdentifier = "13B07F861A680F5B00A75B9A"
            BuildableName = "example.app"
            BlueprintName = "example"
            ReferencedContainer = "container:example.xcodeproj">
         </BuildableReference>
      </BuildableProductRunnable>
   </ProfileAction>
   <AnalyzeAction
      buildConfiguration = "Debug">
   </AnalyzeAction>
   <ArchiveAction
      buildConfiguration = "Release"
      revealArchiveInOrganizer = "YES">
      <PostActions>
         <ExecutionAction
            ActionType = "Xcode.IDEStandardExecutionActionsCore.ExecutionActionType.ShellScriptAction">
            <ActionContent
               title = "Run Script"
               scriptText = "APP_PATH=&quot;${TARGET_BUILD_DIR}/${WRAPPER_NAME}&quot;&#10;&#10;# This script loops through the frameworks embedded in the application and&#10;# removes unused architectures.&#10;find &quot;$APP_PATH&quot; -name &apos;*.framework&apos; -type d | while read -r FRAMEWORK&#10;do&#10;FRAMEWORK_EXECUTABLE_NAME=$(defaults read &quot;$FRAMEWORK/Info.plist&quot; CFBundleExecutable)&#10;FRAMEWORK_EXECUTABLE_PATH=&quot;$FRAMEWORK/$FRAMEWORK_EXECUTABLE_NAME&quot;&#10;echo &quot;Executable is $FRAMEWORK_EXECUTABLE_PATH&quot;&#10;&#10;EXTRACTED_ARCHS=()&#10;&#10;for ARCH in $ARCHS&#10;do&#10;echo &quot;Extracting $ARCH from $FRAMEWORK_EXECUTABLE_NAME&quot;&#10;lipo -extract &quot;$ARCH&quot; &quot;$FRAMEWORK_EXECUTABLE_PATH&quot; -o &quot;$FRAMEWORK_EXECUTABLE_PATH-$ARCH&quot;&#10;EXTRACTED_ARCHS+=(&quot;$FRAMEWORK_EXECUTABLE_PATH-$ARCH&quot;)&#10;done&#10;&#10;echo &quot;Merging extracted architectures: ${ARCHS}&quot;&#10;lipo -o &quot;$FRAMEWORK_EXECUTABLE_PATH-merged&quot; -create &quot;${EXTRACTED_ARCHS[@]}&quot;&#10;rm &quot;${EXTRACTED_ARCHS[@]}&quot;&#10;&#10;echo &quot;Replacing original executable with thinned version&quot;&#10;rm &quot;$FRAMEWORK_EXECUTABLE_PATH&quot;&#10;mv &quot;$FRAMEWORK_EXECUTABLE_PATH-merged&quot; &quot;$FRAMEWORK_EXECUTABLE_PATH&quot;&#10;&#10;done&#10;"
               shellToInvoke = "/bin/sh">
               <EnvironmentBuildable>
                  <BuildableReference
                     BuildableIdentifier = "primary"
                     BlueprintIdentifier = "13B07F861A680F5B00A75B9A"
                     BuildableName = "example.app"
                     BlueprintName = "example"
                     ReferencedContainer = "container:example.xcodeproj">
                  </BuildableReference>
               </EnvironmentBuildable>
            </ActionContent>
         </ExecutionAction>
      </PostActions>
   </ArchiveAction>
</Scheme>
